
Microsoft Visual Studio Solution File, Format Version 12.00
# Visual Studio Version 17
VisualStudioVersion = 17.5.33627.172
MinimumVisualStudioVersion = 10.0.40219.1
Project("{FAE04EC0-301F-11D3-BF4B-00C04F79EFBC}") = "IDGS902-Tema1", "IDGS902-Tema1\IDGS902-Tema1.csproj", "{B942CAE3-D79B-488C-AEC7-C3010E755EAD}"
EndProject
Global
	GlobalSection(SolutionConfigurationPlatforms) = preSolution
		Debug|Any CPU = Debug|Any CPU
		Release|Any CPU = Release|Any CPU
	EndGlobalSection
	GlobalSection(ProjectConfigurationPlatforms) = postSolution
		{B942CAE3-D79B-488C-AEC7-C3010E755EAD}.Debug|Any CPU.ActiveCfg = Debug|Any CPU
		{B942CAE3-D79B-488C-AEC7-C3010E755EAD}.Debug|Any CPU.Build.0 = Debug|Any CPU
		{B942CAE3-D79B-488C-AEC7-C3010E755EAD}.Release|Any CPU.ActiveCfg = Release|Any CPU
		{B942CAE3-D79B-488C-AEC7-C3010E755EAD}.Release|Any CPU.Build.0 = Release|Any CPU
	EndGlobalSection
	GlobalSection(SolutionProperties) = preSolution
		HideSolutionNode = FALSE
	EndGlobalSection
	GlobalSection(ExtensibilityGlobals) = postSolution
		SolutionGuid = {5D94D784-8280-4CAD-8AC6-5533307CE3B6}
	EndGlobalSection
EndGlobal
